
Microsoft Visual Studio Solution File, Format Version 12.00
# Visual Studio Version 17
VisualStudioVersion = 17.9.34622.214
MinimumVisualStudioVersion = 10.0.40219.1
Project("{FAE04EC0-301F-11D3-BF4B-00C04F79EFBC}") = "SVG_domecek", "SVG_domecek\SVG_domecek.csproj", "{6A05C7D9-6EED-499D-821A-9C90E5D7E237}"
EndProject
Global
	GlobalSection(SolutionConfigurationPlatforms) = preSolution
		Debug|Any CPU = Debug|Any CPU
		Release|Any CPU = Release|Any CPU
	EndGlobalSection
	GlobalSection(ProjectConfigurationPlatforms) = postSolution
		{6A05C7D9-6EED-499D-821A-9C90E5D7E237}.Debug|Any CPU.ActiveCfg = Debug|Any CPU
		{6A05C7D9-6EED-499D-821A-9C90E5D7E237}.Debug|Any CPU.Build.0 = Debug|Any CPU
		{6A05C7D9-6EED-499D-821A-9C90E5D7E237}.Release|Any CPU.ActiveCfg = Release|Any CPU
		{6A05C7D9-6EED-499D-821A-9C90E5D7E237}.Release|Any CPU.Build.0 = Release|Any CPU
	EndGlobalSection
	GlobalSection(SolutionProperties) = preSolution
		HideSolutionNode = FALSE
	EndGlobalSection
	GlobalSection(ExtensibilityGlobals) = postSolution
		SolutionGuid = {86C640F6-59F6-4880-B5F3-F465FFAFFAC3}
	EndGlobalSection
EndGlobal
